
Microsoft Visual Studio Solution File, Format Version 12.00
# Visual Studio Version 17
VisualStudioVersion = 17.5.33530.505
MinimumVisualStudioVersion = 10.0.40219.1
Project("{FAE04EC0-301F-11D3-BF4B-00C04F79EFBC}") = "SingleInstanceExample", "SingleInstanceExample\SingleInstanceExample.csproj", "{0C9D3A24-134F-4E0A-86EF-AAF67508F41C}"
EndProject
Global
	GlobalSection(SolutionConfigurationPlatforms) = preSolution
		Debug|Any CPU = Debug|Any CPU
		Release|Any CPU = Release|Any CPU
	EndGlobalSection
	GlobalSection(ProjectConfigurationPlatforms) = postSolution
		{0C9D3A24-134F-4E0A-86EF-AAF67508F41C}.Debug|Any CPU.ActiveCfg = Debug|Any CPU
		{0C9D3A24-134F-4E0A-86EF-AAF67508F41C}.Debug|Any CPU.Build.0 = Debug|Any CPU
		{0C9D3A24-134F-4E0A-86EF-AAF67508F41C}.Release|Any CPU.ActiveCfg = Release|Any CPU
		{0C9D3A24-134F-4E0A-86EF-AAF67508F41C}.Release|Any CPU.Build.0 = Release|Any CPU
	EndGlobalSection
	GlobalSection(SolutionProperties) = preSolution
		HideSolutionNode = FALSE
	EndGlobalSection
	GlobalSection(ExtensibilityGlobals) = postSolution
		SolutionGuid = {60E12BCC-C106-4511-945C-CF49412C440A}
	EndGlobalSection
EndGlobal
